
Microsoft Visual Studio Solution File, Format Version 12.00
# Visual Studio Version 16
VisualStudioVersion = 16.0.29519.87
MinimumVisualStudioVersion = 10.0.40219.1
Project("{FAE04EC0-301F-11D3-BF4B-00C04F79EFBC}") = "Advogado", "Advogado\Advogado.csproj", "{01AED003-3E4D-49A6-9642-3CBBD3D124CD}"
EndProject
Global
	GlobalSection(SolutionConfigurationPlatforms) = preSolution
		Debug|Any CPU = Debug|Any CPU
		Release|Any CPU = Release|Any CPU
	EndGlobalSection
	GlobalSection(ProjectConfigurationPlatforms) = postSolution
		{01AED003-3E4D-49A6-9642-3CBBD3D124CD}.Debug|Any CPU.ActiveCfg = Debug|Any CPU
		{01AED003-3E4D-49A6-9642-3CBBD3D124CD}.Debug|Any CPU.Build.0 = Debug|Any CPU
		{01AED003-3E4D-49A6-9642-3CBBD3D124CD}.Release|Any CPU.ActiveCfg = Release|Any CPU
		{01AED003-3E4D-49A6-9642-3CBBD3D124CD}.Release|Any CPU.Build.0 = Release|Any CPU
	EndGlobalSection
	GlobalSection(SolutionProperties) = preSolution
		HideSolutionNode = FALSE
	EndGlobalSection
	GlobalSection(ExtensibilityGlobals) = postSolution
		SolutionGuid = {577798DA-38B9-41E5-95C8-C248AE0F4EEE}
	EndGlobalSection
EndGlobal
